version = 1
revision = 2
requires-python = ">=3.12"

[[package]]
name = "markov-gen"
version = "0.1.0"
source = { virtual = "." }
dependencies = [
    { name = "markovify" },
    { name = "mecab-python3" },
]

[package.metadata]
requires-dist = [
    { name = "markovify" },
    { name = "mecab-python3" },
]

[[package]]
name = "markovify"
version = "0.9.4"
source = { registry = "https://pypi.org/simple" }
dependencies = [
    { name = "unidecode" },
]
sdist = { url = "https://files.pythonhosted.org/packages/7a/e2/d0f7df1d6cc9e0b5ab6018d5d302caa1639fe702f492362baac794b6e578/markovify-0.9.4.tar.gz", hash = "sha256:eac0a156ed54bb6bede32ef20131813fbec9db70b515ead57b4d8887a16dfe39", size = 27850, upload-time = "2022-03-03T02:41:58.754Z" }
wheels = [
    { url = "https://files.pythonhosted.org/packages/89/6c/daf4527ea22e9c9c7c7638c9b60a61b45f0a9b9aa181b512137b98fd83f1/markovify-0.9.4-py3-none-any.whl", hash = "sha256:0a64ab2fa44989248f4093bf93fbbeef23ca2a4610d53ab073523f600e88b7ae", size = 19140, upload-time = "2025-06-12T03:04:45.047Z" },
]

[[package]]
name = "mecab-python3"
version = "1.0.10"
source = { registry = "https://pypi.org/simple" }
sdist = { url = "https://files.pythonhosted.org/packages/00/df/eeb4e250fc0a69b0a2deed5573f2c8d8445cf643cb9ecf25674f8186880f/mecab_python3-1.0.10.tar.gz", hash = "sha256:21cd4416043e9a993fcfb986dde93e4366a07543dd95849b5ef2e50c9a9afcce", size = 78691, upload-time = "2024-10-31T08:39:21.198Z" }
wheels = [
    { url = "https://files.pythonhosted.org/packages/4a/fc/f953fee2281e0a07097746cf7e8d65db4c8fef1cc802d592698d5eaea0c5/mecab_python3-1.0.10-cp312-cp312-macosx_10_13_universal2.whl", hash = "sha256:fb21b38fea3da3a3c893b6af34f9d34e4846c30f7d2f76fe58beee195963fbf3", size = 523841, upload-time = "2024-10-31T08:44:58.502Z" },
    { url = "https://files.pythonhosted.org/packages/db/15/0ab350c455bab548c7c427f0f3b8b208416234238ef02248b065c01103da/mecab_python3-1.0.10-cp312-cp312-macosx_10_13_x86_64.whl", hash = "sha256:7fa96813dca31ad1517a1c5921b5620713fdefea072795ec9de31425fcf2c4e1", size = 487662, upload-time = "2024-10-31T08:45:00.25Z" },
    { url = "https://files.pythonhosted.org/packages/f1/13/0379d4e98c16c167dc4b3a277f9c96c4743ea33597512370e52a47c727f1/mecab_python3-1.0.10-cp312-cp312-macosx_11_0_arm64.whl", hash = "sha256:134e2c68a783f545bc8373601469d017a13d9b7cac46d243ec1bbfb2c94639a3", size = 484280, upload-time = "2024-10-31T08:45:03.21Z" },
    { url = "https://files.pythonhosted.org/packages/43/b7/d978455fd39b026cdc592f8f137ae90c33f66617f7f724ee966a2d9dbb9a/mecab_python3-1.0.10-cp312-cp312-manylinux_2_17_aarch64.manylinux2014_aarch64.whl", hash = "sha256:2d9ff1c7a7ec4f42c98d74db71bc9b1d513db4cf676a023665ae40197f2da040", size = 569029, upload-time = "2024-10-31T09:00:19.823Z" },
    { url = "https://files.pythonhosted.org/packages/b0/65/579514a5d178e6eb9c695daace47f0f807e7286882771bbb840ac89db660/mecab_python3-1.0.10-cp312-cp312-manylinux_2_17_x86_64.manylinux2014_x86_64.whl", hash = "sha256:2953a3e53fa269f2e1b109de3a55fc7668e9e566f0340a69c2202a37f0447691", size = 591165, upload-time = "2024-10-31T08:40:32.274Z" },
    { url = "https://files.pythonhosted.org/packages/dd/1f/5f01f355d7eb959cbad63743d2d475b854d3b1a264926e40b92f233ca17f/mecab_python3-1.0.10-cp312-cp312-win_amd64.whl", hash = "sha256:308cbec46e426d53bde1f97a95ea655d3e6fcababe0c444dd74c9d3f8105a179", size = 503231, upload-time = "2024-10-31T08:41:39.341Z" },
    { url = "https://files.pythonhosted.org/packages/52/16/750ae35344f62497d4b894ae49941ebfb4ea6166219e39349dc51e16e238/mecab_python3-1.0.10-cp313-cp313-macosx_10_13_universal2.whl", hash = "sha256:711ee9a7ba27aa6988b580951671e5966d7b9aa16cae453d17a5e149d295941c", size = 523860, upload-time = "2024-10-31T08:45:04.671Z" },
    { url = "https://files.pythonhosted.org/packages/71/82/98c753089eb42793ada8b92b4f616cdf004637fe61f77eb81adbe12cf274/mecab_python3-1.0.10-cp313-cp313-macosx_10_13_x86_64.whl", hash = "sha256:1cc4e90d23b57e1ea4bf0ecc57cf7cdbc432164398b67ad113256bc20ed52154", size = 487672, upload-time = "2024-10-31T08:45:07.12Z" },
    { url = "https://files.pythonhosted.org/packages/81/06/c132d772cf14b9ec5dd94eba03dfef2aad8db14ec9c614a3717ef657b877/mecab_python3-1.0.10-cp313-cp313-macosx_11_0_arm64.whl", hash = "sha256:4b90261aa514f29c6e05bd99717a02eeb9be3d7ea0a0be01f65ce0d86c572c68", size = 484283, upload-time = "2024-10-31T08:45:08.447Z" },
    { url = "https://files.pythonhosted.org/packages/7d/ee/2772cb0ba2fff59504c7ed715da626187c0f115542953f76e035531d040e/mecab_python3-1.0.10-cp313-cp313-manylinux_2_17_aarch64.manylinux2014_aarch64.whl", hash = "sha256:894d87d708545314359cfd1b062238c2756d8f985b4c3fe7cabdf111f533a367", size = 568847, upload-time = "2024-10-31T09:00:21.345Z" },
    { url = "https://files.pythonhosted.org/packages/8d/99/5bb828c0aeb3f02657f237304aab296526aa5463fe4f6c23c3008d536478/mecab_python3-1.0.10-cp313-cp313-manylinux_2_17_x86_64.manylinux2014_x86_64.whl", hash = "sha256:7bd7b86dd39a068dadf06ba8dd717ec1defb2cea181c5cbc6c54b1adb6dd0d4b", size = 591008, upload-time = "2024-10-31T08:40:33.333Z" },
    { url = "https://files.pythonhosted.org/packages/cd/e2/c752bc635c21fc45a02844e52bb61799f93c5cef4292ea5a252e11818093/mecab_python3-1.0.10-cp313-cp313-win_amd64.whl", hash = "sha256:3528ef81cc4c9506ae3b273958fe2314aa1022a8db64640e631e09fd3e1af97b", size = 503240, upload-time = "2024-10-31T08:42:08.547Z" },
]

[[package]]
name = "unidecode"
version = "1.4.0"
source = { registry = "https://pypi.org/simple" }
sdist = { url = "https://files.pythonhosted.org/packages/94/7d/a8a765761bbc0c836e397a2e48d498305a865b70a8600fd7a942e85dcf63/Unidecode-1.4.0.tar.gz", hash = "sha256:ce35985008338b676573023acc382d62c264f307c8f7963733405add37ea2b23", size = 200149, upload-time = "2025-04-24T08:45:03.798Z" }
wheels = [
    { url = "https://files.pythonhosted.org/packages/8f/b7/559f59d57d18b44c6d1250d2eeaa676e028b9c527431f5d0736478a73ba1/Unidecode-1.4.0-py3-none-any.whl", hash = "sha256:c3c7606c27503ad8d501270406e345ddb480a7b5f38827eafe4fa82a137f0021", size = 235837, upload-time = "2025-04-24T08:45:01.609Z" },
]
